
Microsoft Visual Studio Solution File, Format Version 12.00
# Visual Studio 15
Project("{FAE04EC0-301F-11D3-BF4B-00C04F79EFBC}") = "UnityEngine.TestRunner", "UnityEngine.TestRunner.csproj", "{B5675776-2F9A-C6A0-9230-346C0C36324A}"
EndProject
Project("{FAE04EC0-301F-11D3-BF4B-00C04F79EFBC}") = "Unity.Mathematics", "Unity.Mathematics.csproj", "{2DECD603-A859-7CA5-38AA-C5C187FB9AAF}"
EndProject
Project("{FAE04EC0-301F-11D3-BF4B-00C04F79EFBC}") = "Unity.2D.Animation.Triangle.Runtime", "Unity.2D.Animation.Triangle.Runtime.csproj", "{2D4F972F-12B4-C576-884F-8884011EC737}"
EndProject
Project("{FAE04EC0-301F-11D3-BF4B-00C04F79EFBC}") = "Unity.Timeline", "Unity.Timeline.csproj", "{30BDC18E-A6E9-4316-B63D-B0F012EF074F}"
EndProject
Project("{FAE04EC0-301F-11D3-BF4B-00C04F79EFBC}") = "UnityEngine.UI", "UnityEngine.UI.csproj", "{E8F75463-16CB-9B94-2958-0200C53D64BA}"
EndProject
Project("{FAE04EC0-301F-11D3-BF4B-00C04F79EFBC}") = "Unity.TextMeshPro", "Unity.TextMeshPro.csproj", "{30962049-D725-AB86-809F-1E44E0EE2337}"
EndProject
Project("{FAE04EC0-301F-11D3-BF4B-00C04F79EFBC}") = "Unity.2D.Animation.Runtime", "Unity.2D.Animation.Runtime.csproj", "{A67AE025-A840-43A9-2FF9-8BD890CFCCD5}"
EndProject
Project("{FAE04EC0-301F-11D3-BF4B-00C04F79EFBC}") = "Assembly-CSharp", "Assembly-CSharp.csproj", "{1EAE9D1E-33B9-163B-CD4C-03A5F4E9508F}"
EndProject
Project("{FAE04EC0-301F-11D3-BF4B-00C04F79EFBC}") = "Unity.2D.IK.Runtime", "Unity.2D.IK.Runtime.csproj", "{A6F7AD9F-5367-DC25-304C-76663CB27A81}"
EndProject
Project("{FAE04EC0-301F-11D3-BF4B-00C04F79EFBC}") = "Unity.2D.SpriteShape.Runtime", "Unity.2D.SpriteShape.Runtime.csproj", "{1AAE17BA-2A1F-51C6-29CB-AB98BBC98C7C}"
EndProject
Project("{FAE04EC0-301F-11D3-BF4B-00C04F79EFBC}") = "Unity.2D.PixelPerfect", "Unity.2D.PixelPerfect.csproj", "{9BA33EB1-0A0C-114D-0532-34012E5687BE}"
EndProject
Project("{FAE04EC0-301F-11D3-BF4B-00C04F79EFBC}") = "Unity.2D.Common.Runtime", "Unity.2D.Common.Runtime.csproj", "{9200DE45-9345-4152-D829-8718510A6D38}"
EndProject
Project("{FAE04EC0-301F-11D3-BF4B-00C04F79EFBC}") = "Unity.InternalAPIEngineBridge.001", "Unity.InternalAPIEngineBridge.001.csproj", "{51BEB44D-12CA-C261-CA93-74CFCBA6442A}"
EndProject
Project("{FAE04EC0-301F-11D3-BF4B-00C04F79EFBC}") = "UnityEditor.TestRunner", "UnityEditor.TestRunner.csproj", "{371A2769-2066-6D99-F933-163943C42506}"
EndProject
Project("{FAE04EC0-301F-11D3-BF4B-00C04F79EFBC}") = "Unity.PlasticSCM.Editor", "Unity.PlasticSCM.Editor.csproj", "{320B0E70-3F3C-3AAD-1E8D-476757464BEC}"
EndProject
Project("{FAE04EC0-301F-11D3-BF4B-00C04F79EFBC}") = "UnityEditor.UI", "UnityEditor.UI.csproj", "{342E1492-52BD-9980-E0B2-91D406132928}"
EndProject
Project("{FAE04EC0-301F-11D3-BF4B-00C04F79EFBC}") = "Unity.Timeline.Editor", "Unity.Timeline.Editor.csproj", "{2AB7276C-A0C2-A25E-EE3D-078028218A20}"
EndProject
Project("{FAE04EC0-301F-11D3-BF4B-00C04F79EFBC}") = "Unity.VisualStudio.Editor", "Unity.VisualStudio.Editor.csproj", "{0B449F9F-F299-2C53-01FF-36CF9B62D5CF}"
EndProject
Project("{FAE04EC0-301F-11D3-BF4B-00C04F79EFBC}") = "Unity.2D.Psdimporter.Editor", "Unity.2D.Psdimporter.Editor.csproj", "{F24600B7-3853-2364-2EC8-900A36E7300B}"
EndProject
Project("{FAE04EC0-301F-11D3-BF4B-00C04F79EFBC}") = "Unity.2D.Animation.Editor", "Unity.2D.Animation.Editor.csproj", "{8E0F1FCD-77B8-09D9-77E6-CF481D371249}"
EndProject
Project("{FAE04EC0-301F-11D3-BF4B-00C04F79EFBC}") = "Unity.TextMeshPro.Editor", "Unity.TextMeshPro.Editor.csproj", "{8E3B78F8-2130-53E5-8854-DDF6A1263C80}"
EndProject
Project("{FAE04EC0-301F-11D3-BF4B-00C04F79EFBC}") = "Unity.2D.SpriteShape.Editor", "Unity.2D.SpriteShape.Editor.csproj", "{6E8512B2-BFB6-F999-8B7A-00C0FD0964FA}"
EndProject
Project("{FAE04EC0-301F-11D3-BF4B-00C04F79EFBC}") = "Unity.CollabProxy.Editor", "Unity.CollabProxy.Editor.csproj", "{CCA1D9CF-C5AA-613D-B4CF-EDCC49EC5ADA}"
EndProject
Project("{FAE04EC0-301F-11D3-BF4B-00C04F79EFBC}") = "PsdPlugin", "PsdPlugin.csproj", "{739CC806-133B-B4CF-09AC-D5E8D24BCF1A}"
EndProject
Project("{FAE04EC0-301F-11D3-BF4B-00C04F79EFBC}") = "Unity.2D.Path.Editor", "Unity.2D.Path.Editor.csproj", "{E4B3C60B-D32B-74A5-48D4-3049A23DB57C}"
EndProject
Project("{FAE04EC0-301F-11D3-BF4B-00C04F79EFBC}") = "Unity.Rider.Editor", "Unity.Rider.Editor.csproj", "{FD380F6E-1938-B6D6-62D2-E2EE3B0E8D9D}"
EndProject
Project("{FAE04EC0-301F-11D3-BF4B-00C04F79EFBC}") = "Unity.2D.IK.Editor", "Unity.2D.IK.Editor.csproj", "{61D81D36-BC2C-838E-E466-1AA156E33A5D}"
EndProject
Project("{FAE04EC0-301F-11D3-BF4B-00C04F79EFBC}") = "Unity.SysrootPackage.Editor", "Unity.SysrootPackage.Editor.csproj", "{20B0DA18-1EF3-9B5E-1356-861D9BAF6413}"
EndProject
Project("{FAE04EC0-301F-11D3-BF4B-00C04F79EFBC}") = "Unity.2D.Sprite.Editor", "Unity.2D.Sprite.Editor.csproj", "{E244B43A-4AEB-89C3-7FEC-31617B73B3F7}"
EndProject
Project("{FAE04EC0-301F-11D3-BF4B-00C04F79EFBC}") = "Unity.2D.Tilemap.Editor", "Unity.2D.Tilemap.Editor.csproj", "{C7F936DE-AE73-FACA-8D34-D26493C8E742}"
EndProject
Project("{FAE04EC0-301F-11D3-BF4B-00C04F79EFBC}") = "Unity.2D.PixelPerfect.Editor", "Unity.2D.PixelPerfect.Editor.csproj", "{8FD685DC-A607-C29B-61BD-5CB8116C9E60}"
EndProject
Project("{FAE04EC0-301F-11D3-BF4B-00C04F79EFBC}") = "Unity.VSCode.Editor", "Unity.VSCode.Editor.csproj", "{EFFB6112-6564-A0A4-2A80-91A829E7D037}"
EndProject
Project("{FAE04EC0-301F-11D3-BF4B-00C04F79EFBC}") = "Unity.2D.Common.Editor", "Unity.2D.Common.Editor.csproj", "{C0A83E1A-4C6C-6B26-B684-04257B86ED01}"
EndProject
Project("{FAE04EC0-301F-11D3-BF4B-00C04F79EFBC}") = "Unity.Mathematics.Editor", "Unity.Mathematics.Editor.csproj", "{7A430577-5D65-00D4-53E4-C69C2C9A5A6D}"
EndProject
Project("{FAE04EC0-301F-11D3-BF4B-00C04F79EFBC}") = "Unity.InternalAPIEditorBridge.001", "Unity.InternalAPIEditorBridge.001.csproj", "{40A90D08-BB16-F825-77AF-D78B7861DCE2}"
EndProject
Project("{FAE04EC0-301F-11D3-BF4B-00C04F79EFBC}") = "Unity.Toolchain.Macos-x86_64-Linux-x86_64", "Unity.Toolchain.Macos-x86_64-Linux-x86_64.csproj", "{B2D0E838-BE45-594B-C967-F5E1160F46E8}"
EndProject
Project("{FAE04EC0-301F-11D3-BF4B-00C04F79EFBC}") = "Unity.Sysroot.Linux_x86_64", "Unity.Sysroot.Linux_x86_64.csproj", "{3A568911-9038-095E-6363-CA5423934569}"
EndProject
Project("{FAE04EC0-301F-11D3-BF4B-00C04F79EFBC}") = "UnityEngine.TestRunner", "UnityEngine.TestRunner.Player.csproj", "{A4C1D6A5-DB7E-0CC1-F9A4-B88721804894}"
EndProject
Project("{FAE04EC0-301F-11D3-BF4B-00C04F79EFBC}") = "Unity.Mathematics", "Unity.Mathematics.Player.csproj", "{0C43A96A-3E15-A112-0B7B-8C8874A63D73}"
EndProject
Project("{FAE04EC0-301F-11D3-BF4B-00C04F79EFBC}") = "Unity.2D.Animation.Triangle.Runtime", "Unity.2D.Animation.Triangle.Runtime.Player.csproj", "{C10D1A18-7BD3-57C0-F074-E6DAD4ED2466}"
EndProject
Project("{FAE04EC0-301F-11D3-BF4B-00C04F79EFBC}") = "Unity.Timeline", "Unity.Timeline.Player.csproj", "{BDFDE1BB-BE09-2191-E21D-24FE7A0DD9A4}"
EndProject
Project("{FAE04EC0-301F-11D3-BF4B-00C04F79EFBC}") = "UnityEngine.UI", "UnityEngine.UI.Player.csproj", "{3A6CBE4F-C34F-2A53-E46D-2159470A4985}"
EndProject
Project("{FAE04EC0-301F-11D3-BF4B-00C04F79EFBC}") = "Unity.TextMeshPro", "Unity.TextMeshPro.Player.csproj", "{EEDE87BD-F290-7DA9-3D1C-240A65252DDF}"
EndProject
Project("{FAE04EC0-301F-11D3-BF4B-00C04F79EFBC}") = "Unity.2D.Animation.Runtime", "Unity.2D.Animation.Runtime.Player.csproj", "{8CC59F22-6BB7-AFEB-0A3C-9CF5724F56F4}"
EndProject
Project("{FAE04EC0-301F-11D3-BF4B-00C04F79EFBC}") = "Assembly-CSharp", "Assembly-CSharp.Player.csproj", "{CDD9C33C-3BA5-99C4-5CA7-45667AF546F4}"
EndProject
Project("{FAE04EC0-301F-11D3-BF4B-00C04F79EFBC}") = "Unity.2D.IK.Runtime", "Unity.2D.IK.Runtime.Player.csproj", "{26A99F98-B6BD-D582-DF2A-CCDF3C464FEB}"
EndProject
Project("{FAE04EC0-301F-11D3-BF4B-00C04F79EFBC}") = "Unity.2D.SpriteShape.Runtime", "Unity.2D.SpriteShape.Runtime.Player.csproj", "{57D48A05-4F56-C13C-E117-39537E42C591}"
EndProject
Project("{FAE04EC0-301F-11D3-BF4B-00C04F79EFBC}") = "Unity.2D.PixelPerfect", "Unity.2D.PixelPerfect.Player.csproj", "{495BD5E0-22F2-41E1-51A5-0D576A422EC6}"
EndProject
Project("{FAE04EC0-301F-11D3-BF4B-00C04F79EFBC}") = "Unity.2D.Common.Runtime", "Unity.2D.Common.Runtime.Player.csproj", "{B8E88E7A-FAA6-17C9-86FC-96A1A27E4BEB}"
EndProject
Project("{FAE04EC0-301F-11D3-BF4B-00C04F79EFBC}") = "Unity.InternalAPIEngineBridge.001", "Unity.InternalAPIEngineBridge.001.Player.csproj", "{6DCB56C4-9106-5EA5-AE31-D20953DAAC36}"
EndProject
Global
	GlobalSection(SolutionConfigurationPlatforms) = preSolution
		Debug|Any CPU = Debug|Any CPU
		Release|Any CPU = Release|Any CPU
	EndGlobalSection
	GlobalSection(ProjectConfigurationPlatforms) = postSolution
		{B5675776-2F9A-C6A0-9230-346C0C36324A}.Debug|Any CPU.ActiveCfg = Debug|Any CPU
		{B5675776-2F9A-C6A0-9230-346C0C36324A}.Debug|Any CPU.Build.0 = Debug|Any CPU
		{B5675776-2F9A-C6A0-9230-346C0C36324A}.Release|Any CPU.ActiveCfg = Release|Any CPU
		{B5675776-2F9A-C6A0-9230-346C0C36324A}.Release|Any CPU.Build.0 = Release|Any CPU
		{2DECD603-A859-7CA5-38AA-C5C187FB9AAF}.Debug|Any CPU.ActiveCfg = Debug|Any CPU
		{2DECD603-A859-7CA5-38AA-C5C187FB9AAF}.Debug|Any CPU.Build.0 = Debug|Any CPU
		{2DECD603-A859-7CA5-38AA-C5C187FB9AAF}.Release|Any CPU.ActiveCfg = Release|Any CPU
		{2DECD603-A859-7CA5-38AA-C5C187FB9AAF}.Release|Any CPU.Build.0 = Release|Any CPU
		{2D4F972F-12B4-C576-884F-8884011EC737}.Debug|Any CPU.ActiveCfg = Debug|Any CPU
		{2D4F972F-12B4-C576-884F-8884011EC737}.Debug|Any CPU.Build.0 = Debug|Any CPU
		{2D4F972F-12B4-C576-884F-8884011EC737}.Release|Any CPU.ActiveCfg = Release|Any CPU
		{2D4F972F-12B4-C576-884F-8884011EC737}.Release|Any CPU.Build.0 = Release|Any CPU
		{30BDC18E-A6E9-4316-B63D-B0F012EF074F}.Debug|Any CPU.ActiveCfg = Debug|Any CPU
		{30BDC18E-A6E9-4316-B63D-B0F012EF074F}.Debug|Any CPU.Build.0 = Debug|Any CPU
		{30BDC18E-A6E9-4316-B63D-B0F012EF074F}.Release|Any CPU.ActiveCfg = Release|Any CPU
		{30BDC18E-A6E9-4316-B63D-B0F012EF074F}.Release|Any CPU.Build.0 = Release|Any CPU
		{E8F75463-16CB-9B94-2958-0200C53D64BA}.Debug|Any CPU.ActiveCfg = Debug|Any CPU
		{E8F75463-16CB-9B94-2958-0200C53D64BA}.Debug|Any CPU.Build.0 = Debug|Any CPU
		{E8F75463-16CB-9B94-2958-0200C53D64BA}.Release|Any CPU.ActiveCfg = Release|Any CPU
		{E8F75463-16CB-9B94-2958-0200C53D64BA}.Release|Any CPU.Build.0 = Release|Any CPU
		{30962049-D725-AB86-809F-1E44E0EE2337}.Debug|Any CPU.ActiveCfg = Debug|Any CPU
		{30962049-D725-AB86-809F-1E44E0EE2337}.Debug|Any CPU.Build.0 = Debug|Any CPU
		{30962049-D725-AB86-809F-1E44E0EE2337}.Release|Any CPU.ActiveCfg = Release|Any CPU
		{30962049-D725-AB86-809F-1E44E0EE2337}.Release|Any CPU.Build.0 = Release|Any CPU
		{A67AE025-A840-43A9-2FF9-8BD890CFCCD5}.Debug|Any CPU.ActiveCfg = Debug|Any CPU
		{A67AE025-A840-43A9-2FF9-8BD890CFCCD5}.Debug|Any CPU.Build.0 = Debug|Any CPU
		{A67AE025-A840-43A9-2FF9-8BD890CFCCD5}.Release|Any CPU.ActiveCfg = Release|Any CPU
		{A67AE025-A840-43A9-2FF9-8BD890CFCCD5}.Release|Any CPU.Build.0 = Release|Any CPU
		{1EAE9D1E-33B9-163B-CD4C-03A5F4E9508F}.Debug|Any CPU.ActiveCfg = Debug|Any CPU
		{1EAE9D1E-33B9-163B-CD4C-03A5F4E9508F}.Debug|Any CPU.Build.0 = Debug|Any CPU
		{1EAE9D1E-33B9-163B-CD4C-03A5F4E9508F}.Release|Any CPU.ActiveCfg = Release|Any CPU
		{1EAE9D1E-33B9-163B-CD4C-03A5F4E9508F}.Release|Any CPU.Build.0 = Release|Any CPU
		{A6F7AD9F-5367-DC25-304C-76663CB27A81}.Debug|Any CPU.ActiveCfg = Debug|Any CPU
		{A6F7AD9F-5367-DC25-304C-76663CB27A81}.Debug|Any CPU.Build.0 = Debug|Any CPU
		{A6F7AD9F-5367-DC25-304C-76663CB27A81}.Release|Any CPU.ActiveCfg = Release|Any CPU
		{A6F7AD9F-5367-DC25-304C-76663CB27A81}.Release|Any CPU.Build.0 = Release|Any CPU
		{1AAE17BA-2A1F-51C6-29CB-AB98BBC98C7C}.Debug|Any CPU.ActiveCfg = Debug|Any CPU
		{1AAE17BA-2A1F-51C6-29CB-AB98BBC98C7C}.Debug|Any CPU.Build.0 = Debug|Any CPU
		{1AAE17BA-2A1F-51C6-29CB-AB98BBC98C7C}.Release|Any CPU.ActiveCfg = Release|Any CPU
		{1AAE17BA-2A1F-51C6-29CB-AB98BBC98C7C}.Release|Any CPU.Build.0 = Release|Any CPU
		{9BA33EB1-0A0C-114D-0532-34012E5687BE}.Debug|Any CPU.ActiveCfg = Debug|Any CPU
		{9BA33EB1-0A0C-114D-0532-34012E5687BE}.Debug|Any CPU.Build.0 = Debug|Any CPU
		{9BA33EB1-0A0C-114D-0532-34012E5687BE}.Release|Any CPU.ActiveCfg = Release|Any CPU
		{9BA33EB1-0A0C-114D-0532-34012E5687BE}.Release|Any CPU.Build.0 = Release|Any CPU
		{9200DE45-9345-4152-D829-8718510A6D38}.Debug|Any CPU.ActiveCfg = Debug|Any CPU
		{9200DE45-9345-4152-D829-8718510A6D38}.Debug|Any CPU.Build.0 = Debug|Any CPU
		{9200DE45-9345-4152-D829-8718510A6D38}.Release|Any CPU.ActiveCfg = Release|Any CPU
		{9200DE45-9345-4152-D829-8718510A6D38}.Release|Any CPU.Build.0 = Release|Any CPU
		{51BEB44D-12CA-C261-CA93-74CFCBA6442A}.Debug|Any CPU.ActiveCfg = Debug|Any CPU
		{51BEB44D-12CA-C261-CA93-74CFCBA6442A}.Debug|Any CPU.Build.0 = Debug|Any CPU
		{51BEB44D-12CA-C261-CA93-74CFCBA6442A}.Release|Any CPU.ActiveCfg = Release|Any CPU
		{51BEB44D-12CA-C261-CA93-74CFCBA6442A}.Release|Any CPU.Build.0 = Release|Any CPU
		{371A2769-2066-6D99-F933-163943C42506}.Debug|Any CPU.ActiveCfg = Debug|Any CPU
		{371A2769-2066-6D99-F933-163943C42506}.Debug|Any CPU.Build.0 = Debug|Any CPU
		{371A2769-2066-6D99-F933-163943C42506}.Release|Any CPU.ActiveCfg = Release|Any CPU
		{371A2769-2066-6D99-F933-163943C42506}.Release|Any CPU.Build.0 = Release|Any CPU
		{320B0E70-3F3C-3AAD-1E8D-476757464BEC}.Debug|Any CPU.ActiveCfg = Debug|Any CPU
		{320B0E70-3F3C-3AAD-1E8D-476757464BEC}.Debug|Any CPU.Build.0 = Debug|Any CPU
		{320B0E70-3F3C-3AAD-1E8D-476757464BEC}.Release|Any CPU.ActiveCfg = Release|Any CPU
		{320B0E70-3F3C-3AAD-1E8D-476757464BEC}.Release|Any CPU.Build.0 = Release|Any CPU
		{342E1492-52BD-9980-E0B2-91D406132928}.Debug|Any CPU.ActiveCfg = Debug|Any CPU
		{342E1492-52BD-9980-E0B2-91D406132928}.Debug|Any CPU.Build.0 = Debug|Any CPU
		{342E1492-52BD-9980-E0B2-91D406132928}.Release|Any CPU.ActiveCfg = Release|Any CPU
		{342E1492-52BD-9980-E0B2-91D406132928}.Release|Any CPU.Build.0 = Release|Any CPU
		{2AB7276C-A0C2-A25E-EE3D-078028218A20}.Debug|Any CPU.ActiveCfg = Debug|Any CPU
		{2AB7276C-A0C2-A25E-EE3D-078028218A20}.Debug|Any CPU.Build.0 = Debug|Any CPU
		{2AB7276C-A0C2-A25E-EE3D-078028218A20}.Release|Any CPU.ActiveCfg = Release|Any CPU
		{2AB7276C-A0C2-A25E-EE3D-078028218A20}.Release|Any CPU.Build.0 = Release|Any CPU
		{0B449F9F-F299-2C53-01FF-36CF9B62D5CF}.Debug|Any CPU.ActiveCfg = Debug|Any CPU
		{0B449F9F-F299-2C53-01FF-36CF9B62D5CF}.Debug|Any CPU.Build.0 = Debug|Any CPU
		{0B449F9F-F299-2C53-01FF-36CF9B62D5CF}.Release|Any CPU.ActiveCfg = Release|Any CPU
		{0B449F9F-F299-2C53-01FF-36CF9B62D5CF}.Release|Any CPU.Build.0 = Release|Any CPU
		{F24600B7-3853-2364-2EC8-900A36E7300B}.Debug|Any CPU.ActiveCfg = Debug|Any CPU
		{F24600B7-3853-2364-2EC8-900A36E7300B}.Debug|Any CPU.Build.0 = Debug|Any CPU
		{F24600B7-3853-2364-2EC8-900A36E7300B}.Release|Any CPU.ActiveCfg = Release|Any CPU
		{F24600B7-3853-2364-2EC8-900A36E7300B}.Release|Any CPU.Build.0 = Release|Any CPU
		{8E0F1FCD-77B8-09D9-77E6-CF481D371249}.Debug|Any CPU.ActiveCfg = Debug|Any CPU
		{8E0F1FCD-77B8-09D9-77E6-CF481D371249}.Debug|Any CPU.Build.0 = Debug|Any CPU
		{8E0F1FCD-77B8-09D9-77E6-CF481D371249}.Release|Any CPU.ActiveCfg = Release|Any CPU
		{8E0F1FCD-77B8-09D9-77E6-CF481D371249}.Release|Any CPU.Build.0 = Release|Any CPU
		{8E3B78F8-2130-53E5-8854-DDF6A1263C80}.Debug|Any CPU.ActiveCfg = Debug|Any CPU
		{8E3B78F8-2130-53E5-8854-DDF6A1263C80}.Debug|Any CPU.Build.0 = Debug|Any CPU
		{8E3B78F8-2130-53E5-8854-DDF6A1263C80}.Release|Any CPU.ActiveCfg = Release|Any CPU
		{8E3B78F8-2130-53E5-8854-DDF6A1263C80}.Release|Any CPU.Build.0 = Release|Any CPU
		{6E8512B2-BFB6-F999-8B7A-00C0FD0964FA}.Debug|Any CPU.ActiveCfg = Debug|Any CPU
		{6E8512B2-BFB6-F999-8B7A-00C0FD0964FA}.Debug|Any CPU.Build.0 = Debug|Any CPU
		{6E8512B2-BFB6-F999-8B7A-00C0FD0964FA}.Release|Any CPU.ActiveCfg = Release|Any CPU
		{6E8512B2-BFB6-F999-8B7A-00C0FD0964FA}.Release|Any CPU.Build.0 = Release|Any CPU
		{CCA1D9CF-C5AA-613D-B4CF-EDCC49EC5ADA}.Debug|Any CPU.ActiveCfg = Debug|Any CPU
		{CCA1D9CF-C5AA-613D-B4CF-EDCC49EC5ADA}.Debug|Any CPU.Build.0 = Debug|Any CPU
		{CCA1D9CF-C5AA-613D-B4CF-EDCC49EC5ADA}.Release|Any CPU.ActiveCfg = Release|Any CPU
		{CCA1D9CF-C5AA-613D-B4CF-EDCC49EC5ADA}.Release|Any CPU.Build.0 = Release|Any CPU
		{739CC806-133B-B4CF-09AC-D5E8D24BCF1A}.Debug|Any CPU.ActiveCfg = Debug|Any CPU
		{739CC806-133B-B4CF-09AC-D5E8D24BCF1A}.Debug|Any CPU.Build.0 = Debug|Any CPU
		{739CC806-133B-B4CF-09AC-D5E8D24BCF1A}.Release|Any CPU.ActiveCfg = Release|Any CPU
		{739CC806-133B-B4CF-09AC-D5E8D24BCF1A}.Release|Any CPU.Build.0 = Release|Any CPU
		{E4B3C60B-D32B-74A5-48D4-3049A23DB57C}.Debug|Any CPU.ActiveCfg = Debug|Any CPU
		{E4B3C60B-D32B-74A5-48D4-3049A23DB57C}.Debug|Any CPU.Build.0 = Debug|Any CPU
		{E4B3C60B-D32B-74A5-48D4-3049A23DB57C}.Release|Any CPU.ActiveCfg = Release|Any CPU
		{E4B3C60B-D32B-74A5-48D4-3049A23DB57C}.Release|Any CPU.Build.0 = Release|Any CPU
		{FD380F6E-1938-B6D6-62D2-E2EE3B0E8D9D}.Debug|Any CPU.ActiveCfg = Debug|Any CPU
		{FD380F6E-1938-B6D6-62D2-E2EE3B0E8D9D}.Debug|Any CPU.Build.0 = Debug|Any CPU
		{FD380F6E-1938-B6D6-62D2-E2EE3B0E8D9D}.Release|Any CPU.ActiveCfg = Release|Any CPU
		{FD380F6E-1938-B6D6-62D2-E2EE3B0E8D9D}.Release|Any CPU.Build.0 = Release|Any CPU
		{61D81D36-BC2C-838E-E466-1AA156E33A5D}.Debug|Any CPU.ActiveCfg = Debug|Any CPU
		{61D81D36-BC2C-838E-E466-1AA156E33A5D}.Debug|Any CPU.Build.0 = Debug|Any CPU
		{61D81D36-BC2C-838E-E466-1AA156E33A5D}.Release|Any CPU.ActiveCfg = Release|Any CPU
		{61D81D36-BC2C-838E-E466-1AA156E33A5D}.Release|Any CPU.Build.0 = Release|Any CPU
		{20B0DA18-1EF3-9B5E-1356-861D9BAF6413}.Debug|Any CPU.ActiveCfg = Debug|Any CPU
		{20B0DA18-1EF3-9B5E-1356-861D9BAF6413}.Debug|Any CPU.Build.0 = Debug|Any CPU
		{20B0DA18-1EF3-9B5E-1356-861D9BAF6413}.Release|Any CPU.ActiveCfg = Release|Any CPU
		{20B0DA18-1EF3-9B5E-1356-861D9BAF6413}.Release|Any CPU.Build.0 = Release|Any CPU
		{E244B43A-4AEB-89C3-7FEC-31617B73B3F7}.Debug|Any CPU.ActiveCfg = Debug|Any CPU
		{E244B43A-4AEB-89C3-7FEC-31617B73B3F7}.Debug|Any CPU.Build.0 = Debug|Any CPU
		{E244B43A-4AEB-89C3-7FEC-31617B73B3F7}.Release|Any CPU.ActiveCfg = Release|Any CPU
		{E244B43A-4AEB-89C3-7FEC-31617B73B3F7}.Release|Any CPU.Build.0 = Release|Any CPU
		{C7F936DE-AE73-FACA-8D34-D26493C8E742}.Debug|Any CPU.ActiveCfg = Debug|Any CPU
		{C7F936DE-AE73-FACA-8D34-D26493C8E742}.Debug|Any CPU.Build.0 = Debug|Any CPU
		{C7F936DE-AE73-FACA-8D34-D26493C8E742}.Release|Any CPU.ActiveCfg = Release|Any CPU
		{C7F936DE-AE73-FACA-8D34-D26493C8E742}.Release|Any CPU.Build.0 = Release|Any CPU
		{8FD685DC-A607-C29B-61BD-5CB8116C9E60}.Debug|Any CPU.ActiveCfg = Debug|Any CPU
		{8FD685DC-A607-C29B-61BD-5CB8116C9E60}.Debug|Any CPU.Build.0 = Debug|Any CPU
		{8FD685DC-A607-C29B-61BD-5CB8116C9E60}.Release|Any CPU.ActiveCfg = Release|Any CPU
		{8FD685DC-A607-C29B-61BD-5CB8116C9E60}.Release|Any CPU.Build.0 = Release|Any CPU
		{EFFB6112-6564-A0A4-2A80-91A829E7D037}.Debug|Any CPU.ActiveCfg = Debug|Any CPU
		{EFFB6112-6564-A0A4-2A80-91A829E7D037}.Debug|Any CPU.Build.0 = Debug|Any CPU
		{EFFB6112-6564-A0A4-2A80-91A829E7D037}.Release|Any CPU.ActiveCfg = Release|Any CPU
		{EFFB6112-6564-A0A4-2A80-91A829E7D037}.Release|Any CPU.Build.0 = Release|Any CPU
		{C0A83E1A-4C6C-6B26-B684-04257B86ED01}.Debug|Any CPU.ActiveCfg = Debug|Any CPU
		{C0A83E1A-4C6C-6B26-B684-04257B86ED01}.Debug|Any CPU.Build.0 = Debug|Any CPU
		{C0A83E1A-4C6C-6B26-B684-04257B86ED01}.Release|Any CPU.ActiveCfg = Release|Any CPU
		{C0A83E1A-4C6C-6B26-B684-04257B86ED01}.Release|Any CPU.Build.0 = Release|Any CPU
		{7A430577-5D65-00D4-53E4-C69C2C9A5A6D}.Debug|Any CPU.ActiveCfg = Debug|Any CPU
		{7A430577-5D65-00D4-53E4-C69C2C9A5A6D}.Debug|Any CPU.Build.0 = Debug|Any CPU
		{7A430577-5D65-00D4-53E4-C69C2C9A5A6D}.Release|Any CPU.ActiveCfg = Release|Any CPU
		{7A430577-5D65-00D4-53E4-C69C2C9A5A6D}.Release|Any CPU.Build.0 = Release|Any CPU
		{40A90D08-BB16-F825-77AF-D78B7861DCE2}.Debug|Any CPU.ActiveCfg = Debug|Any CPU
		{40A90D08-BB16-F825-77AF-D78B7861DCE2}.Debug|Any CPU.Build.0 = Debug|Any CPU
		{40A90D08-BB16-F825-77AF-D78B7861DCE2}.Release|Any CPU.ActiveCfg = Release|Any CPU
		{40A90D08-BB16-F825-77AF-D78B7861DCE2}.Release|Any CPU.Build.0 = Release|Any CPU
		{B2D0E838-BE45-594B-C967-F5E1160F46E8}.Debug|Any CPU.ActiveCfg = Debug|Any CPU
		{B2D0E838-BE45-594B-C967-F5E1160F46E8}.Debug|Any CPU.Build.0 = Debug|Any CPU
		{B2D0E838-BE45-594B-C967-F5E1160F46E8}.Release|Any CPU.ActiveCfg = Release|Any CPU
		{B2D0E838-BE45-594B-C967-F5E1160F46E8}.Release|Any CPU.Build.0 = Release|Any CPU
		{3A568911-9038-095E-6363-CA5423934569}.Debug|Any CPU.ActiveCfg = Debug|Any CPU
		{3A568911-9038-095E-6363-CA5423934569}.Debug|Any CPU.Build.0 = Debug|Any CPU
		{3A568911-9038-095E-6363-CA5423934569}.Release|Any CPU.ActiveCfg = Release|Any CPU
		{3A568911-9038-095E-6363-CA5423934569}.Release|Any CPU.Build.0 = Release|Any CPU
		{A4C1D6A5-DB7E-0CC1-F9A4-B88721804894}.Debug|Any CPU.ActiveCfg = Debug|Any CPU
		{A4C1D6A5-DB7E-0CC1-F9A4-B88721804894}.Debug|Any CPU.Build.0 = Debug|Any CPU
		{A4C1D6A5-DB7E-0CC1-F9A4-B88721804894}.Release|Any CPU.ActiveCfg = Release|Any CPU
		{A4C1D6A5-DB7E-0CC1-F9A4-B88721804894}.Release|Any CPU.Build.0 = Release|Any CPU
		{0C43A96A-3E15-A112-0B7B-8C8874A63D73}.Debug|Any CPU.ActiveCfg = Debug|Any CPU
		{0C43A96A-3E15-A112-0B7B-8C8874A63D73}.Debug|Any CPU.Build.0 = Debug|Any CPU
		{0C43A96A-3E15-A112-0B7B-8C8874A63D73}.Release|Any CPU.ActiveCfg = Release|Any CPU
		{0C43A96A-3E15-A112-0B7B-8C8874A63D73}.Release|Any CPU.Build.0 = Release|Any CPU
		{C10D1A18-7BD3-57C0-F074-E6DAD4ED2466}.Debug|Any CPU.ActiveCfg = Debug|Any CPU
		{C10D1A18-7BD3-57C0-F074-E6DAD4ED2466}.Debug|Any CPU.Build.0 = Debug|Any CPU
		{C10D1A18-7BD3-57C0-F074-E6DAD4ED2466}.Release|Any CPU.ActiveCfg = Release|Any CPU
		{C10D1A18-7BD3-57C0-F074-E6DAD4ED2466}.Release|Any CPU.Build.0 = Release|Any CPU
		{BDFDE1BB-BE09-2191-E21D-24FE7A0DD9A4}.Debug|Any CPU.ActiveCfg = Debug|Any CPU
		{BDFDE1BB-BE09-2191-E21D-24FE7A0DD9A4}.Debug|Any CPU.Build.0 = Debug|Any CPU
		{BDFDE1BB-BE09-2191-E21D-24FE7A0DD9A4}.Release|Any CPU.ActiveCfg = Release|Any CPU
		{BDFDE1BB-BE09-2191-E21D-24FE7A0DD9A4}.Release|Any CPU.Build.0 = Release|Any CPU
		{3A6CBE4F-C34F-2A53-E46D-2159470A4985}.Debug|Any CPU.ActiveCfg = Debug|Any CPU
		{3A6CBE4F-C34F-2A53-E46D-2159470A4985}.Debug|Any CPU.Build.0 = Debug|Any CPU
		{3A6CBE4F-C34F-2A53-E46D-2159470A4985}.Release|Any CPU.ActiveCfg = Release|Any CPU
		{3A6CBE4F-C34F-2A53-E46D-2159470A4985}.Release|Any CPU.Build.0 = Release|Any CPU
		{EEDE87BD-F290-7DA9-3D1C-240A65252DDF}.Debug|Any CPU.ActiveCfg = Debug|Any CPU
		{EEDE87BD-F290-7DA9-3D1C-240A65252DDF}.Debug|Any CPU.Build.0 = Debug|Any CPU
		{EEDE87BD-F290-7DA9-3D1C-240A65252DDF}.Release|Any CPU.ActiveCfg = Release|Any CPU
		{EEDE87BD-F290-7DA9-3D1C-240A65252DDF}.Release|Any CPU.Build.0 = Release|Any CPU
		{8CC59F22-6BB7-AFEB-0A3C-9CF5724F56F4}.Debug|Any CPU.ActiveCfg = Debug|Any CPU
		{8CC59F22-6BB7-AFEB-0A3C-9CF5724F56F4}.Debug|Any CPU.Build.0 = Debug|Any CPU
		{8CC59F22-6BB7-AFEB-0A3C-9CF5724F56F4}.Release|Any CPU.ActiveCfg = Release|Any CPU
		{8CC59F22-6BB7-AFEB-0A3C-9CF5724F56F4}.Release|Any CPU.Build.0 = Release|Any CPU
		{CDD9C33C-3BA5-99C4-5CA7-45667AF546F4}.Debug|Any CPU.ActiveCfg = Debug|Any CPU
		{CDD9C33C-3BA5-99C4-5CA7-45667AF546F4}.Debug|Any CPU.Build.0 = Debug|Any CPU
		{CDD9C33C-3BA5-99C4-5CA7-45667AF546F4}.Release|Any CPU.ActiveCfg = Release|Any CPU
		{CDD9C33C-3BA5-99C4-5CA7-45667AF546F4}.Release|Any CPU.Build.0 = Release|Any CPU
		{26A99F98-B6BD-D582-DF2A-CCDF3C464FEB}.Debug|Any CPU.ActiveCfg = Debug|Any CPU
		{26A99F98-B6BD-D582-DF2A-CCDF3C464FEB}.Debug|Any CPU.Build.0 = Debug|Any CPU
		{26A99F98-B6BD-D582-DF2A-CCDF3C464FEB}.Release|Any CPU.ActiveCfg = Release|Any CPU
		{26A99F98-B6BD-D582-DF2A-CCDF3C464FEB}.Release|Any CPU.Build.0 = Release|Any CPU
		{57D48A05-4F56-C13C-E117-39537E42C591}.Debug|Any CPU.ActiveCfg = Debug|Any CPU
		{57D48A05-4F56-C13C-E117-39537E42C591}.Debug|Any CPU.Build.0 = Debug|Any CPU
		{57D48A05-4F56-C13C-E117-39537E42C591}.Release|Any CPU.ActiveCfg = Release|Any CPU
		{57D48A05-4F56-C13C-E117-39537E42C591}.Release|Any CPU.Build.0 = Release|Any CPU
		{495BD5E0-22F2-41E1-51A5-0D576A422EC6}.Debug|Any CPU.ActiveCfg = Debug|Any CPU
		{495BD5E0-22F2-41E1-51A5-0D576A422EC6}.Debug|Any CPU.Build.0 = Debug|Any CPU
		{495BD5E0-22F2-41E1-51A5-0D576A422EC6}.Release|Any CPU.ActiveCfg = Release|Any CPU
		{495BD5E0-22F2-41E1-51A5-0D576A422EC6}.Release|Any CPU.Build.0 = Release|Any CPU
		{B8E88E7A-FAA6-17C9-86FC-96A1A27E4BEB}.Debug|Any CPU.ActiveCfg = Debug|Any CPU
		{B8E88E7A-FAA6-17C9-86FC-96A1A27E4BEB}.Debug|Any CPU.Build.0 = Debug|Any CPU
		{B8E88E7A-FAA6-17C9-86FC-96A1A27E4BEB}.Release|Any CPU.ActiveCfg = Release|Any CPU
		{B8E88E7A-FAA6-17C9-86FC-96A1A27E4BEB}.Release|Any CPU.Build.0 = Release|Any CPU
		{6DCB56C4-9106-5EA5-AE31-D20953DAAC36}.Debug|Any CPU.ActiveCfg = Debug|Any CPU
		{6DCB56C4-9106-5EA5-AE31-D20953DAAC36}.Debug|Any CPU.Build.0 = Debug|Any CPU
		{6DCB56C4-9106-5EA5-AE31-D20953DAAC36}.Release|Any CPU.ActiveCfg = Release|Any CPU
		{6DCB56C4-9106-5EA5-AE31-D20953DAAC36}.Release|Any CPU.Build.0 = Release|Any CPU
	EndGlobalSection
	GlobalSection(SolutionProperties) = preSolution
		HideSolutionNode = FALSE
	EndGlobalSection
EndGlobal
